
Microsoft Visual Studio Solution File, Format Version 12.00
# Visual Studio Version 16
VisualStudioVersion = 16.0.29509.3
MinimumVisualStudioVersion = 10.0.40219.1
Project("{9A19103F-16F7-4668-BE54-9A1E7A4F7556}") = "CaCom", "src\CaCom\CaCom.csproj", "{4AC7F251-3740-4BF0-84CE-BCFDA3A03554}"
EndProject
Project("{FAE04EC0-301F-11D3-BF4B-00C04F79EFBC}") = "NfcReaderWriter", "samples\NFCReaderWriter\NfcReaderWriter.csproj", "{04C79362-0E30-4F35-977B-EA33C4E57835}"
EndProject
Project("{FAE04EC0-301F-11D3-BF4B-00C04F79EFBC}") = "NfcTestConsole", "samples\NFCTestConsole\NfcTestConsole.csproj", "{D881BFF9-6483-481D-B13D-FB7D7251E7E7}"
EndProject
Global
	GlobalSection(SolutionConfigurationPlatforms) = preSolution
		Debug|Any CPU = Debug|Any CPU
		Release|Any CPU = Release|Any CPU
	EndGlobalSection
	GlobalSection(ProjectConfigurationPlatforms) = postSolution
		{4AC7F251-3740-4BF0-84CE-BCFDA3A03554}.Debug|Any CPU.ActiveCfg = Debug|Any CPU
		{4AC7F251-3740-4BF0-84CE-BCFDA3A03554}.Debug|Any CPU.Build.0 = Debug|Any CPU
		{4AC7F251-3740-4BF0-84CE-BCFDA3A03554}.Release|Any CPU.ActiveCfg = Release|Any CPU
		{4AC7F251-3740-4BF0-84CE-BCFDA3A03554}.Release|Any CPU.Build.0 = Release|Any CPU
		{04C79362-0E30-4F35-977B-EA33C4E57835}.Debug|Any CPU.ActiveCfg = Debug|Any CPU
		{04C79362-0E30-4F35-977B-EA33C4E57835}.Debug|Any CPU.Build.0 = Debug|Any CPU
		{04C79362-0E30-4F35-977B-EA33C4E57835}.Release|Any CPU.ActiveCfg = Release|Any CPU
		{04C79362-0E30-4F35-977B-EA33C4E57835}.Release|Any CPU.Build.0 = Release|Any CPU
		{D881BFF9-6483-481D-B13D-FB7D7251E7E7}.Debug|Any CPU.ActiveCfg = Debug|Any CPU
		{D881BFF9-6483-481D-B13D-FB7D7251E7E7}.Debug|Any CPU.Build.0 = Debug|Any CPU
		{D881BFF9-6483-481D-B13D-FB7D7251E7E7}.Release|Any CPU.ActiveCfg = Release|Any CPU
		{D881BFF9-6483-481D-B13D-FB7D7251E7E7}.Release|Any CPU.Build.0 = Release|Any CPU
	EndGlobalSection
	GlobalSection(SolutionProperties) = preSolution
		HideSolutionNode = FALSE
	EndGlobalSection
	GlobalSection(ExtensibilityGlobals) = postSolution
		SolutionGuid = {4F4CCCB3-3079-4E3D-9404-BE1FEBB388E8}
	EndGlobalSection
EndGlobal
